// !$*UTF8*$!
{
	archiveVersion = 1;
	classes = {
	};
	objectVersion = 77;
	objects = {

/* Begin PBXContainerItemProxy section */
		6D5999A52E780AE600D65722 /* PBXContainerItemProxy */ = {
			isa = PBXContainerItemProxy;
			containerPortal = 6D59998B2E780AE300D65722 /* Project object */;
			proxyType = 1;
			remoteGlobalIDString = 6D5999922E780AE302;
			remoteInfo = "Synapse iOS";
		};
		6D5999AF2E780AE600D65722 /* PBXContainerItemProxy */ = {
			isa = PBXContainerItemProxy;
			containerPortal = 6D59998B2E780AE300D65722 /* Project object */;
			proxyType = 1;
			remoteGlobalIDString = 6D5999922E780AE302;
			remoteInfo = "Synapse iOS";
		};
		6D7300F82EAAA98600D75371 /* PBXContainerItemProxy */ = {
			isa = PBXContainerItemProxy;
			containerPortal = 6D59998B2E780AE300D65722 /* Project object */;
			proxyType = 1;
			remoteGlobalIDString = 6D7300EA2EAAA98400D75371;
			remoteInfo = "SynapseWatchOs Watch App";
		};
		6D7301022EAAA98600D75371 /* PBXContainerItemProxy */ = {
			isa = PBXContainerItemProxy;
			containerPortal = 6D59998B2E780AE300D65722 /* Project object */;
			proxyType = 1;
			remoteGlobalIDString = 6D7300EA2EAAA98400D75371;
			remoteInfo = "SynapseWatchOs Watch App";
		};
/* End PBXContainerItemProxy section */

/* Begin PBXFileReference section */
		6D5999932E780AE300D65722 /* Synapse.app */ = {isa = PBXFileReference; explicitFileType = wrapper.application; includeInIndex = 0; path = Synapse.app; sourceTree = BUILT_PRODUCTS_DIR; };
		6D5999932E780AE301 /* Synapse iOS.app */ = {isa = PBXFileReference; explicitFileType = wrapper.application; includeInIndex = 0; path = "Synapse iOS.app"; sourceTree = BUILT_PRODUCTS_DIR; };
		6D5999A42E780AE600D65722 /* SynapseTests.xctest */ = {isa = PBXFileReference; explicitFileType = wrapper.cfbundle; includeInIndex = 0; path = SynapseTests.xctest; sourceTree = BUILT_PRODUCTS_DIR; };
		6D5999AE2E780AE600D65722 /* SynapseUITests.xctest */ = {isa = PBXFileReference; explicitFileType = wrapper.cfbundle; includeInIndex = 0; path = SynapseUITests.xctest; sourceTree = BUILT_PRODUCTS_DIR; };
		6D7300EB2EAAA98400D75371 /* SynapseWatchOs Watch App.app */ = {isa = PBXFileReference; explicitFileType = wrapper.application; includeInIndex = 0; path = "SynapseWatchOs Watch App.app"; sourceTree = BUILT_PRODUCTS_DIR; };
		6D7300F72EAAA98600D75371 /* SynapseWatchOs Watch AppTests.xctest */ = {isa = PBXFileReference; explicitFileType = wrapper.cfbundle; includeInIndex = 0; path = "SynapseWatchOs Watch AppTests.xctest"; sourceTree = BUILT_PRODUCTS_DIR; };
		6D7301012EAAA98600D75371 /* SynapseWatchOs Watch AppUITests.xctest */ = {isa = PBXFileReference; explicitFileType = wrapper.cfbundle; includeInIndex = 0; path = "SynapseWatchOs Watch AppUITests.xctest"; sourceTree = BUILT_PRODUCTS_DIR; };
		6DF922E92EE656870031CCD1 /* Synapse iOS.entitlements */ = {isa = PBXFileReference; lastKnownFileType = text.plist.entitlements; path = "Synapse iOS.entitlements"; sourceTree = "<group>"; };
/* End PBXFileReference section */

/* Begin PBXFileSystemSynchronizedBuildFileExceptionSet section */
		6D9A00012EAAA98600D75371 /* Legacy test files excluded from SynapseTests */ = {
			isa = PBXFileSystemSynchronizedBuildFileExceptionSet;
			membershipExceptions = (
				IntegrationTests/PushPayloadIntegrationTests.swift,
				IntegrationTests/SetupAppSyncTests.swift,
				IntegrationTests/TaskAPIIntegrationTests.swift,
				IntegrationTests/TimerSyncIntegrationTests.swift,
				SynapseTests.swift,
				TestCoverage/TestCoverageAnalyzer.swift,
				TestData/TestDataFixtures.swift,
				TestExecution/TestExecutionOrchestrator.swift,
				UnitTests/ApplyEventStateTests.swift,
				UnitTests/MacAppDelegateUnitTests.swift,
				UnitTests/Models/QueuedTimerActionUnitTests.swift,
				UnitTests/Models/TaskModelUnitTests.swift,
				UnitTests/PomodoroTimerDurationTests.swift,
				UnitTests/PomodoroTimerSessionTests.swift,
				UnitTests/PomodoroTimerUnitTests.swift,
				UnitTests/Services/SyncFailureAlertTests.swift,
				UnitTests/Services/TaskServiceUnitTests.swift,
				UnitTests/Services/TimerSyncManagerBackoffTests.swift,
				UnitTests/Services/TimerSyncManagerQueueTests.swift,
				UnitTests/Services/TimerSyncManagerUnitTests.swift,
				UnitTests/SessionLoggerTests.swift,
				UnitTests/TimerSyncManagerActionQueueTests.swift,
			);
			target = 6D5999A32E780AE600D65722 /* SynapseTests */;
		};
		6D73011A2EAAAC2300D75371 /* Exceptions for "Synapse" folder in "Synapse" target */ = {
			isa = PBXFileSystemSynchronizedBuildFileExceptionSet;
			membershipExceptions = (
				Info.plist,
			);
			target = 6D5999922E780AE300D65722 /* Synapse */;
		};
		6D73011C2EAAAE4300D75371 /* Exceptions for "Synapse" folder in "Synapse iOS" target */ = {
			isa = PBXFileSystemSynchronizedBuildFileExceptionSet;
			membershipExceptions = (
			);
			target = 6D5999922E780AE302 /* Synapse iOS */;
		};
		6D73011D2EAAAE4300D75371 /* Exceptions for "Synapse" folder in "Synapse iOS" target */ = {
			isa = PBXFileSystemSynchronizedBuildFileExceptionSet;
			membershipExceptions = (
				Info.plist,
			);
			target = 6D5999922E780AE302 /* Synapse iOS */;
		};
/* End PBXFileSystemSynchronizedBuildFileExceptionSet section */

/* Begin PBXFileSystemSynchronizedRootGroup section */
		6D5999952E780AE300D65722 /* Synapse */ = {
			isa = PBXFileSystemSynchronizedRootGroup;
			exceptions = (
				6D73011A2EAAAC2300D75371 /* Exceptions for "Synapse" folder in "Synapse" target */,
				6D73011D2EAAAE4300D75371 /* Exceptions for "Synapse" folder in "Synapse iOS" target */,
				6D73011C2EAAAE4300D75371 /* Exceptions for "Synapse" folder in "Synapse iOS" target */,
			);
			path = Synapse;
			sourceTree = "<group>";
		};
		6D5999A72E780AE600D65722 /* SynapseTests */ = {
			isa = PBXFileSystemSynchronizedRootGroup;
			exceptions = (
				6D9A00012EAAA98600D75371 /* Legacy test files excluded from SynapseTests */,
			);
			path = SynapseTests;
			sourceTree = "<group>";
		};
		6D5999B12E780AE600D65722 /* SynapseUITests */ = {
			isa = PBXFileSystemSynchronizedRootGroup;
			path = SynapseUITests;
			sourceTree = "<group>";
		};
/* End PBXFileSystemSynchronizedRootGroup section */

/* Begin PBXFrameworksBuildPhase section */
		6D252E1B2EBB76DC005 /* Frameworks */ = {
			isa = PBXFrameworksBuildPhase;
			buildActionMask = 2147483647;
			files = (
			);
			runOnlyForDeploymentPostprocessing = 0;
		};
		6D252E1B2EBB76DC0053735D /* Frameworks */ = {
			isa = PBXFrameworksBuildPhase;
			buildActionMask = 2147483647;
			files = (
			);
			runOnlyForDeploymentPostprocessing = 0;
		};
		6D5999A12E780AE600D65722 /* Frameworks */ = {
			isa = PBXFrameworksBuildPhase;
			buildActionMask = 2147483647;
			files = (
			);
			runOnlyForDeploymentPostprocessing = 0;
		};
		6D5999AB2E780AE600D65722 /* Frameworks */ = {
			isa = PBXFrameworksBuildPhase;
			buildActionMask = 2147483647;
			files = (
			);
			runOnlyForDeploymentPostprocessing = 0;
		};
		6D7300E82EAAA98400D75371 /* Frameworks */ = {
			isa = PBXFrameworksBuildPhase;
			buildActionMask = 2147483647;
			files = (
			);
			runOnlyForDeploymentPostprocessing = 0;
		};
		6D7300F42EAAA98600D75371 /* Frameworks */ = {
			isa = PBXFrameworksBuildPhase;
			buildActionMask = 2147483647;
			files = (
			);
			runOnlyForDeploymentPostprocessing = 0;
		};
		6D7300FE2EAAA98600D75371 /* Frameworks */ = {
			isa = PBXFrameworksBuildPhase;
			buildActionMask = 2147483647;
			files = (
			);
			runOnlyForDeploymentPostprocessing = 0;
		};
/* End PBXFrameworksBuildPhase section */

/* Begin PBXGroup section */
		6D59998A2E780AE300D65722 = {
			isa = PBXGroup;
			children = (
				6DF922E92EE656870031CCD1 /* Synapse iOS.entitlements */,
				6D5999952E780AE300D65722 /* Synapse */,
				6D5999A72E780AE600D65722 /* SynapseTests */,
				6D5999B12E780AE600D65722 /* SynapseUITests */,
				6D7301212EAAAFB500D75371 /* Frameworks */,
				6D5999942E780AE300D65722 /* Products */,
			);
			sourceTree = "<group>";
		};
		6D5999942E780AE300D65722 /* Products */ = {
			isa = PBXGroup;
			children = (
				6D5999932E780AE300D65722 /* Synapse.app */,
				6D5999932E780AE301 /* Synapse iOS.app */,
				6D5999A42E780AE600D65722 /* SynapseTests.xctest */,
				6D5999AE2E780AE600D65722 /* SynapseUITests.xctest */,
				6D7300EB2EAAA98400D75371 /* SynapseWatchOs Watch App.app */,
				6D7300F72EAAA98600D75371 /* SynapseWatchOs Watch AppTests.xctest */,
				6D7301012EAAA98600D75371 /* SynapseWatchOs Watch AppUITests.xctest */,
			);
			name = Products;
			sourceTree = "<group>";
		};
		6D7301212EAAAFB500D75371 /* Frameworks */ = {
			isa = PBXGroup;
			children = (
			);
			name = Frameworks;
			sourceTree = "<group>";
		};
/* End PBXGroup section */

/* Begin PBXNativeTarget section */
		6D5999922E780AE300D65722 /* Synapse */ = {
			isa = PBXNativeTarget;
			buildConfigurationList = 6D5999B82E780AE600D65722 /* Build configuration list for PBXNativeTarget "Synapse" */;
			buildPhases = (
				6D59998F2E780AE300D65722 /* Sources */,
				6D5999912E780AE300D65722 /* Resources */,
				6D252E1B2EBB76DC0053735D /* Frameworks */,
			);
			buildRules = (
			);
			dependencies = (
			);
			fileSystemSynchronizedGroups = (
				6D5999952E780AE300D65722 /* Synapse */,
			);
			name = Synapse;
			packageProductDependencies = (
			);
			productName = Synapse;
			productReference = 6D5999932E780AE300D65722 /* Synapse.app */;
			productType = "com.apple.product-type.application";
		};
		6D5999922E780AE302 /* Synapse iOS */ = {
			isa = PBXNativeTarget;
			buildConfigurationList = 6D5999B82E780AE302 /* Build configuration list for PBXNativeTarget "Synapse iOS" */;
			buildPhases = (
				6D59998F2E780AE305 /* Sources */,
				6D5999912E780AE305 /* Resources */,
				6D252E1B2EBB76DC005 /* Frameworks */,
			);
			buildRules = (
			);
			dependencies = (
			);
			fileSystemSynchronizedGroups = (
				6D5999952E780AE300D65722 /* Synapse */,
			);
			name = "Synapse iOS";
			packageProductDependencies = (
			);
			productName = "Synapse iOS";
			productReference = 6D5999932E780AE301 /* Synapse iOS.app */;
			productType = "com.apple.product-type.application";
		};
		6D5999A32E780AE600D65722 /* SynapseTests */ = {
			isa = PBXNativeTarget;
			buildConfigurationList = 6D5999BB2E780AE600D65722 /* Build configuration list for PBXNativeTarget "SynapseTests" */;
			buildPhases = (
				6D5999A02E780AE600D65722 /* Sources */,
				6D5999A12E780AE600D65722 /* Frameworks */,
				6D5999A22E780AE600D65722 /* Resources */,
			);
			buildRules = (
			);
			dependencies = (
				6D5999A62E780AE600D65722 /* PBXTargetDependency */,
			);
			fileSystemSynchronizedGroups = (
				6D5999A72E780AE600D65722 /* SynapseTests */,
			);
			name = SynapseTests;
			packageProductDependencies = (
			);
			productName = SynapseTests;
			productReference = 6D5999A42E780AE600D65722 /* SynapseTests.xctest */;
			productType = "com.apple.product-type.bundle.unit-test";
		};
		6D5999AD2E780AE600D65722 /* SynapseUITests */ = {
			isa = PBXNativeTarget;
			buildConfigurationList = 6D5999BE2E780AE600D65722 /* Build configuration list for PBXNativeTarget "SynapseUITests" */;
			buildPhases = (
				6D5999AA2E780AE600D65722 /* Sources */,
				6D5999AB2E780AE600D65722 /* Frameworks */,
				6D5999AC2E780AE600D65722 /* Resources */,
			);
			buildRules = (
			);
			dependencies = (
				6D5999B02E780AE600D65722 /* PBXTargetDependency */,
			);
			fileSystemSynchronizedGroups = (
				6D5999B12E780AE600D65722 /* SynapseUITests */,
			);
			name = SynapseUITests;
			packageProductDependencies = (
			);
			productName = SynapseUITests;
			productReference = 6D5999AE2E780AE600D65722 /* SynapseUITests.xctest */;
			productType = "com.apple.product-type.bundle.ui-testing";
		};
		6D7300EA2EAAA98400D75371 /* Synapse iOS */ = {
			isa = PBXNativeTarget;
			buildConfigurationList = 6D7301132EAAA98600D75371 /* Build configuration list for PBXNativeTarget "Synapse iOS" */;
			buildPhases = (
				6D7300E72EAAA98400D75371 /* Sources */,
				6D7300E82EAAA98400D75371 /* Frameworks */,
				6D7300E92EAAA98400D75371 /* Resources */,
			);
			buildRules = (
			);
			dependencies = (
			);
			name = "Synapse iOS";
			packageProductDependencies = (
			);
			productName = "Synapse iOS";
			productReference = 6D5999932E780AE301 /* Synapse iOS.app */;
			productType = "com.apple.product-type.application";
		};
		6D7300F62EAAA98600D75371 /* SynapseWatchOs Watch AppTests */ = {
			isa = PBXNativeTarget;
			buildConfigurationList = 6D7301142EAAA98600D75371 /* Build configuration list for PBXNativeTarget "SynapseWatchOs Watch AppTests" */;
			buildPhases = (
				6D7300F32EAAA98600D75371 /* Sources */,
				6D7300F42EAAA98600D75371 /* Frameworks */,
				6D7300F52EAAA98600D75371 /* Resources */,
			);
			buildRules = (
			);
			dependencies = (
				6D7300F92EAAA98600D75371 /* PBXTargetDependency */,
			);
			name = "SynapseWatchOs Watch AppTests";
			packageProductDependencies = (
			);
			productName = "SynapseWatchOs Watch AppTests";
			productReference = 6D7300F72EAAA98600D75371 /* SynapseWatchOs Watch AppTests.xctest */;
			productType = "com.apple.product-type.bundle.unit-test";
		};
		6D7301002EAAA98600D75371 /* SynapseWatchOs Watch AppUITests */ = {
			isa = PBXNativeTarget;
			buildConfigurationList = 6D7301152EAAA98600D75371 /* Build configuration list for PBXNativeTarget "SynapseWatchOs Watch AppUITests" */;
			buildPhases = (
				6D7300FD2EAAA98600D75371 /* Sources */,
				6D7300FE2EAAA98600D75371 /* Frameworks */,
				6D7300FF2EAAA98600D75371 /* Resources */,
			);
			buildRules = (
			);
			dependencies = (
				6D7301032EAAA98600D75371 /* PBXTargetDependency */,
			);
			name = "SynapseWatchOs Watch AppUITests";
			packageProductDependencies = (
			);
			productName = "SynapseWatchOs Watch AppUITests";
			productReference = 6D7301012EAAA98600D75371 /* SynapseWatchOs Watch AppUITests.xctest */;
			productType = "com.apple.product-type.bundle.ui-testing";
		};
/* End PBXNativeTarget section */

/* Begin PBXProject section */
		6D59998B2E780AE300D65722 /* Project object */ = {
			isa = PBXProject;
			attributes = {
				BuildIndependentTargetsInParallel = 1;
				LastSwiftUpdateCheck = 2600;
				LastUpgradeCheck = 2620;
				TargetAttributes = {
					6D5999922E780AE300D65722 = {
						CreatedOnToolsVersion = 16.0;
					};
					6D5999922E780AE302 = {
						CreatedOnToolsVersion = 16.0;
					};
					6D5999A32E780AE600D65722 = {
						CreatedOnToolsVersion = 16.0;
						TestTargetID = 6D5999922E780AE302;
					};
					6D5999AD2E780AE600D65722 = {
						CreatedOnToolsVersion = 16.0;
						TestTargetID = 6D5999922E780AE302;
					};
					6D7300EA2EAAA98400D75371 = {
						CreatedOnToolsVersion = 26.0.1;
					};
					6D7300F62EAAA98600D75371 = {
						CreatedOnToolsVersion = 26.0.1;
						TestTargetID = 6D7300EA2EAAA98400D75371;
					};
					6D7301002EAAA98600D75371 = {
						CreatedOnToolsVersion = 26.0.1;
						TestTargetID = 6D7300EA2EAAA98400D75371;
					};
				};
			};
			buildConfigurationList = 6D59998E2E780AE300D65722 /* Build configuration list for PBXProject "Synapse" */;
			developmentRegion = en;
			hasScannedForEncodings = 0;
			knownRegions = (
				en,
				Base,
			);
			mainGroup = 6D59998A2E780AE300D65722;
			minimizedProjectReferenceProxies = 1;
			packageReferences = (
			);
			preferredProjectObjectVersion = 77;
			productRefGroup = 6D5999942E780AE300D65722 /* Products */;
			projectDirPath = "";
			projectRoot = "";
			targets = (
				6D5999922E780AE300D65722 /* Synapse */,
				6D5999922E780AE302 /* Synapse iOS */,
				6D5999A32E780AE600D65722 /* SynapseTests */,
				6D5999AD2E780AE600D65722 /* SynapseUITests */,
				6D7300EA2EAAA98400D75371 /* Synapse iOS */,
				6D7300F62EAAA98600D75371 /* SynapseWatchOs Watch AppTests */,
				6D7301002EAAA98600D75371 /* SynapseWatchOs Watch AppUITests */,
			);
		};
/* End PBXProject section */

/* Begin PBXResourcesBuildPhase section */
		6D5999912E780AE300D65722 /* Resources */ = {
			isa = PBXResourcesBuildPhase;
			buildActionMask = 2147483647;
			files = (
			);
			runOnlyForDeploymentPostprocessing = 0;
		};
		6D5999912E780AE305 /* Resources */ = {
			isa = PBXResourcesBuildPhase;
			buildActionMask = 2147483647;
			files = (
			);
			runOnlyForDeploymentPostprocessing = 0;
		};
		6D5999A22E780AE600D65722 /* Resources */ = {
			isa = PBXResourcesBuildPhase;
			buildActionMask = 2147483647;
			files = (
			);
			runOnlyForDeploymentPostprocessing = 0;
		};
		6D5999AC2E780AE600D65722 /* Resources */ = {
			isa = PBXResourcesBuildPhase;
			buildActionMask = 2147483647;
			files = (
			);
			runOnlyForDeploymentPostprocessing = 0;
		};
		6D7300E92EAAA98400D75371 /* Resources */ = {
			isa = PBXResourcesBuildPhase;
			buildActionMask = 2147483647;
			files = (
			);
			runOnlyForDeploymentPostprocessing = 0;
		};
		6D7300F52EAAA98600D75371 /* Resources */ = {
			isa = PBXResourcesBuildPhase;
			buildActionMask = 2147483647;
			files = (
			);
			runOnlyForDeploymentPostprocessing = 0;
		};
		6D7300FF2EAAA98600D75371 /* Resources */ = {
			isa = PBXResourcesBuildPhase;
			buildActionMask = 2147483647;
			files = (
			);
			runOnlyForDeploymentPostprocessing = 0;
		};
/* End PBXResourcesBuildPhase section */

/* Begin PBXSourcesBuildPhase section */
		6D59998F2E780AE300D65722 /* Sources */ = {
			isa = PBXSourcesBuildPhase;
			buildActionMask = 2147483647;
			files = (
			);
			runOnlyForDeploymentPostprocessing = 0;
		};
		6D59998F2E780AE305 /* Sources */ = {
			isa = PBXSourcesBuildPhase;
			buildActionMask = 2147483647;
			files = (
			);
			runOnlyForDeploymentPostprocessing = 0;
		};
		6D5999A02E780AE600D65722 /* Sources */ = {
			isa = PBXSourcesBuildPhase;
			buildActionMask = 2147483647;
			files = (
			);
			runOnlyForDeploymentPostprocessing = 0;
		};
		6D5999AA2E780AE600D65722 /* Sources */ = {
			isa = PBXSourcesBuildPhase;
			buildActionMask = 2147483647;
			files = (
			);
			runOnlyForDeploymentPostprocessing = 0;
		};
		6D7300E72EAAA98400D75371 /* Sources */ = {
			isa = PBXSourcesBuildPhase;
			buildActionMask = 2147483647;
			files = (
			);
			runOnlyForDeploymentPostprocessing = 0;
		};
		6D7300F32EAAA98600D75371 /* Sources */ = {
			isa = PBXSourcesBuildPhase;
			buildActionMask = 2147483647;
			files = (
			);
			runOnlyForDeploymentPostprocessing = 0;
		};
		6D7300FD2EAAA98600D75371 /* Sources */ = {
			isa = PBXSourcesBuildPhase;
			buildActionMask = 2147483647;
			files = (
			);
			runOnlyForDeploymentPostprocessing = 0;
		};
/* End PBXSourcesBuildPhase section */

/* Begin PBXTargetDependency section */
		6D5999A62E780AE600D65722 /* PBXTargetDependency */ = {
			isa = PBXTargetDependency;
			target = 6D5999922E780AE302 /* Synapse iOS */;
			targetProxy = 6D5999A52E780AE600D65722 /* PBXContainerItemProxy */;
		};
		6D5999B02E780AE600D65722 /* PBXTargetDependency */ = {
			isa = PBXTargetDependency;
			target = 6D5999922E780AE302 /* Synapse iOS */;
			targetProxy = 6D5999AF2E780AE600D65722 /* PBXContainerItemProxy */;
		};
		6D7300F92EAAA98600D75371 /* PBXTargetDependency */ = {
			isa = PBXTargetDependency;
			target = 6D7300EA2EAAA98400D75371 /* Synapse iOS */;
			targetProxy = 6D7300F82EAAA98600D75371 /* PBXContainerItemProxy */;
		};
		6D7301032EAAA98600D75371 /* PBXTargetDependency */ = {
			isa = PBXTargetDependency;
			target = 6D7300EA2EAAA98400D75371 /* Synapse iOS */;
			targetProxy = 6D7301022EAAA98600D75371 /* PBXContainerItemProxy */;
		};
/* End PBXTargetDependency section */

/* Begin XCBuildConfiguration section */
		6D5999B62E780AE600D65722 /* Debug */ = {
			isa = XCBuildConfiguration;
			buildSettings = {
				ALWAYS_SEARCH_USER_PATHS = NO;
				ASSETCATALOG_COMPILER_GENERATE_SWIFT_ASSET_SYMBOL_EXTENSIONS = YES;
				CLANG_ANALYZER_NONNULL = YES;
				CLANG_ANALYZER_NUMBER_OBJECT_CONVERSION = YES_AGGRESSIVE;
				CLANG_CXX_LANGUAGE_STANDARD = "gnu++20";
				CLANG_ENABLE_MODULES = YES;
				CLANG_ENABLE_OBJC_ARC = YES;
				CLANG_ENABLE_OBJC_WEAK = YES;
				CLANG_WARN_BLOCK_CAPTURE_AUTORELEASING = YES;
				CLANG_WARN_BOOL_CONVERSION = YES;
				CLANG_WARN_COMMA = YES;
				CLANG_WARN_CONSTANT_CONVERSION = YES;
				CLANG_WARN_DEPRECATED_OBJC_IMPLEMENTATIONS = YES;
				CLANG_WARN_DIRECT_OBJC_ISA_USAGE = YES_ERROR;
				CLANG_WARN_DOCUMENTATION_COMMENTS = YES;
				CLANG_WARN_EMPTY_BODY = YES;
				CLANG_WARN_ENUM_CONVERSION = YES;
				CLANG_WARN_INFINITE_RECURSION = YES;
				CLANG_WARN_INT_CONVERSION = YES;
				CLANG_WARN_NON_LITERAL_NULL_CONVERSION = YES;
				CLANG_WARN_OBJC_IMPLICIT_RETAIN_SELF = YES;
				CLANG_WARN_OBJC_LITERAL_CONVERSION = YES;
				CLANG_WARN_OBJC_ROOT_CLASS = YES_ERROR;
				CLANG_WARN_QUOTED_INCLUDE_IN_FRAMEWORK_HEADER = YES;
				CLANG_WARN_RANGE_LOOP_ANALYSIS = YES;
				CLANG_WARN_STRICT_PROTOTYPES = YES;
				CLANG_WARN_SUSPICIOUS_MOVE = YES;
				CLANG_WARN_UNGUARDED_AVAILABILITY = YES_AGGRESSIVE;
				CLANG_WARN_UNREACHABLE_CODE = YES;
				CLANG_WARN__DUPLICATE_METHOD_MATCH = YES;
				CODE_SIGN_ENTITLEMENTS = Synapse/Synapse.entitlements;
				CODE_SIGN_INJECT_BASE_ENTITLEMENTS = YES;
				COMPILATION_CACHE_ENABLE_CACHING = YES;
				COPY_PHASE_STRIP = NO;
				DEAD_CODE_STRIPPING = YES;
				DEBUG_INFORMATION_FORMAT = dwarf;
				ENABLE_STRICT_OBJC_MSGSEND = YES;
				ENABLE_TESTABILITY = YES;
				ENABLE_USER_SCRIPT_SANDBOXING = YES;
				GCC_C_LANGUAGE_STANDARD = gnu17;
				GCC_DYNAMIC_NO_PIC = NO;
				GCC_NO_COMMON_BLOCKS = YES;
				GCC_OPTIMIZATION_LEVEL = 0;
				GCC_PREPROCESSOR_DEFINITIONS = (
					"DEBUG=1",
					"$(inherited)",
				);
				GCC_WARN_64_TO_32_BIT_CONVERSION = YES;
				GCC_WARN_ABOUT_RETURN_TYPE = YES_ERROR;
				GCC_WARN_UNDECLARED_SELECTOR = YES;
				GCC_WARN_UNINITIALIZED_AUTOS = YES_AGGRESSIVE;
				GCC_WARN_UNUSED_FUNCTION = YES;
				GCC_WARN_UNUSED_VARIABLE = YES;
				LOCALIZATION_PREFERS_STRING_CATALOGS = YES;
				MTL_ENABLE_DEBUG_INFO = INCLUDE_SOURCE;
				MTL_FAST_MATH = YES;
				ONLY_ACTIVE_ARCH = YES;
				OTHER_SWIFT_FLAGS = "-Xfrontend -warn-long-function-bodies=200 -Xfrontend -warn-long-expression-type-checking=200";
				STRING_CATALOG_GENERATE_SYMBOLS = YES;
				SWIFT_ACTIVE_COMPILATION_CONDITIONS = "DEBUG $(inherited)";
				SWIFT_OPTIMIZATION_LEVEL = "-Onone";
			};
			name = Debug;
		};
		6D5999B72E780AE600D65722 /* Release */ = {
			isa = XCBuildConfiguration;
			buildSettings = {
				ALWAYS_SEARCH_USER_PATHS = NO;
				ASSETCATALOG_COMPILER_GENERATE_SWIFT_ASSET_SYMBOL_EXTENSIONS = YES;
				CLANG_ANALYZER_NONNULL = YES;
				CLANG_ANALYZER_NUMBER_OBJECT_CONVERSION = YES_AGGRESSIVE;
				CLANG_CXX_LANGUAGE_STANDARD = "gnu++20";
				CLANG_ENABLE_MODULES = YES;
				CLANG_ENABLE_OBJC_ARC = YES;
				CLANG_ENABLE_OBJC_WEAK = YES;
				CLANG_WARN_BLOCK_CAPTURE_AUTORELEASING = YES;
				CLANG_WARN_BOOL_CONVERSION = YES;
				CLANG_WARN_COMMA = YES;
				CLANG_WARN_CONSTANT_CONVERSION = YES;
				CLANG_WARN_DEPRECATED_OBJC_IMPLEMENTATIONS = YES;
				CLANG_WARN_DIRECT_OBJC_ISA_USAGE = YES_ERROR;
				CLANG_WARN_DOCUMENTATION_COMMENTS = YES;
				CLANG_WARN_EMPTY_BODY = YES;
				CLANG_WARN_ENUM_CONVERSION = YES;
				CLANG_WARN_INFINITE_RECURSION = YES;
				CLANG_WARN_INT_CONVERSION = YES;
				CLANG_WARN_NON_LITERAL_NULL_CONVERSION = YES;
				CLANG_WARN_OBJC_IMPLICIT_RETAIN_SELF = YES;
				CLANG_WARN_OBJC_LITERAL_CONVERSION = YES;
				CLANG_WARN_OBJC_ROOT_CLASS = YES_ERROR;
				CLANG_WARN_QUOTED_INCLUDE_IN_FRAMEWORK_HEADER = YES;
				CLANG_WARN_RANGE_LOOP_ANALYSIS = YES;
				CLANG_WARN_STRICT_PROTOTYPES = YES;
				CLANG_WARN_SUSPICIOUS_MOVE = YES;
				CLANG_WARN_UNGUARDED_AVAILABILITY = YES_AGGRESSIVE;
				CLANG_WARN_UNREACHABLE_CODE = YES;
				CLANG_WARN__DUPLICATE_METHOD_MATCH = YES;
				CODE_SIGN_ENTITLEMENTS = Synapse/Synapse.entitlements;
				CODE_SIGN_INJECT_BASE_ENTITLEMENTS = YES;
				COMPILATION_CACHE_ENABLE_CACHING = YES;
				COPY_PHASE_STRIP = NO;
				DEAD_CODE_STRIPPING = YES;
				DEBUG_INFORMATION_FORMAT = "dwarf-with-dsym";
				ENABLE_NS_ASSERTIONS = NO;
				ENABLE_STRICT_OBJC_MSGSEND = YES;
				ENABLE_USER_SCRIPT_SANDBOXING = YES;
				GCC_C_LANGUAGE_STANDARD = gnu17;
				GCC_NO_COMMON_BLOCKS = YES;
				GCC_WARN_64_TO_32_BIT_CONVERSION = YES;
				GCC_WARN_ABOUT_RETURN_TYPE = YES_ERROR;
				GCC_WARN_UNDECLARED_SELECTOR = YES;
				GCC_WARN_UNINITIALIZED_AUTOS = YES_AGGRESSIVE;
				GCC_WARN_UNUSED_FUNCTION = YES;
				GCC_WARN_UNUSED_VARIABLE = YES;
				LOCALIZATION_PREFERS_STRING_CATALOGS = YES;
				MTL_ENABLE_DEBUG_INFO = NO;
				MTL_FAST_MATH = YES;
				STRING_CATALOG_GENERATE_SYMBOLS = YES;
				SWIFT_COMPILATION_MODE = wholemodule;
			};
			name = Release;
		};
		6D5999B92E780AE303 /* Debug */ = {
			isa = XCBuildConfiguration;
			buildSettings = {
				ASSETCATALOG_COMPILER_APPICON_NAME = AppIcon;
				ASSETCATALOG_COMPILER_GLOBAL_ACCENT_COLOR_NAME = AccentColor;
				CODE_SIGN_ENTITLEMENTS = "Synapse iOS.entitlements";
				CODE_SIGN_STYLE = Automatic;
				CURRENT_PROJECT_VERSION = 1;
				DEVELOPMENT_ASSET_PATHS = "\"Synapse/Preview Content\"";
				DEVELOPMENT_TEAM = 425MSY8FLG;
				ENABLE_PREVIEWS = YES;
				GENERATE_INFOPLIST_FILE = YES;
				INFOPLIST_FILE = Synapse/Info.plist;
				INFOPLIST_KEY_CFBundleDisplayName = "Synapse";
				INFOPLIST_KEY_LSApplicationCategoryType = "public.app-category.productivity";
				INFOPLIST_KEY_UIApplicationSceneManifest_Generation = YES;
				"INFOPLIST_KEY_UIApplicationSceneManifest_Generation[sdk=iphoneos*]" = YES;
				"INFOPLIST_KEY_UIApplicationSceneManifest_Generation[sdk=iphonesimulator*]" = YES;
				INFOPLIST_KEY_UIApplicationSupportsIndirectInputEvents = YES;
				"INFOPLIST_KEY_UIApplicationSupportsIndirectInputEvents[sdk=iphoneos*]" = YES;
				"INFOPLIST_KEY_UIApplicationSupportsIndirectInputEvents[sdk=iphonesimulator*]" = YES;
				INFOPLIST_KEY_UILaunchScreen_Generation = YES;
				"INFOPLIST_KEY_UILaunchScreen_Generation[sdk=iphoneos*]" = YES;
				"INFOPLIST_KEY_UILaunchScreen_Generation[sdk=iphonesimulator*]" = YES;
				INFOPLIST_KEY_UIStatusBarStyle = UIStatusBarStyleDefault;
				"INFOPLIST_KEY_UIStatusBarStyle[sdk=iphoneos*]" = UIStatusBarStyleDefault;
				"INFOPLIST_KEY_UIStatusBarStyle[sdk=iphonesimulator*]" = UIStatusBarStyleDefault;
				INFOPLIST_KEY_UISupportedInterfaceOrientations_iPad = "UIInterfaceOrientationPortrait UIInterfaceOrientationPortraitUpsideDown UIInterfaceOrientationLandscapeLeft UIInterfaceOrientationLandscapeRight";
				INFOPLIST_KEY_UISupportedInterfaceOrientations_iPhone = "UIInterfaceOrientationPortrait UIInterfaceOrientationLandscapeLeft UIInterfaceOrientationLandscapeRight";
				IPHONEOS_DEPLOYMENT_TARGET = 18.0;
				LD_RUNPATH_SEARCH_PATHS = "@executable_path/Frameworks";
				MARKETING_VERSION = 1.0.0;
				PRODUCT_BUNDLE_IDENTIFIER = "com.sparkage.synapse.ios";
				PRODUCT_MODULE_NAME = Synapse;
				PRODUCT_NAME = "$(TARGET_NAME)";
				SDKROOT = iphoneos;
				SUPPORTED_PLATFORMS = "iphoneos iphonesimulator";
				SWIFT_EMIT_LOC_STRINGS = YES;
				SWIFT_VERSION = 5.0;
				TARGETED_DEVICE_FAMILY = "1,2";
			};
			name = Debug;
		};
		6D5999B92E780AE600D65722 /* Debug */ = {
			isa = XCBuildConfiguration;
			buildSettings = {
				ASSETCATALOG_COMPILER_APPICON_NAME = AppIcon;
				ASSETCATALOG_COMPILER_GLOBAL_ACCENT_COLOR_NAME = AccentColor;
				CODE_SIGN_ENTITLEMENTS = Synapse/Synapse.entitlements;
				"CODE_SIGN_IDENTITY[sdk=macosx*]" = "Apple Development";
				CODE_SIGN_STYLE = Automatic;
				CURRENT_PROJECT_VERSION = 1;
				DEAD_CODE_STRIPPING = YES;
				DEVELOPMENT_ASSET_PATHS = "\"Synapse/Preview Content\"";
				DEVELOPMENT_TEAM = 425MSY8FLG;
				ENABLE_APP_SANDBOX = YES;
				ENABLE_INCOMING_NETWORK_CONNECTIONS = YES;
				ENABLE_OUTGOING_NETWORK_CONNECTIONS = YES;
				ENABLE_PREVIEWS = YES;
				ENABLE_RESOURCE_ACCESS_AUDIO_INPUT = NO;
				ENABLE_RESOURCE_ACCESS_BLUETOOTH = NO;
				ENABLE_RESOURCE_ACCESS_CALENDARS = NO;
				ENABLE_RESOURCE_ACCESS_CAMERA = NO;
				ENABLE_RESOURCE_ACCESS_CONTACTS = NO;
				ENABLE_RESOURCE_ACCESS_LOCATION = NO;
				ENABLE_RESOURCE_ACCESS_PRINTING = NO;
				ENABLE_RESOURCE_ACCESS_USB = NO;
				GENERATE_INFOPLIST_FILE = YES;
				INFOPLIST_FILE = Synapse/Info.plist;
				"INFOPLIST_KEY_UIApplicationSceneManifest_Generation[sdk=iphoneos*]" = YES;
				"INFOPLIST_KEY_UIApplicationSceneManifest_Generation[sdk=iphonesimulator*]" = YES;
				"INFOPLIST_KEY_UIApplicationSupportsIndirectInputEvents[sdk=iphoneos*]" = YES;
				"INFOPLIST_KEY_UIApplicationSupportsIndirectInputEvents[sdk=iphonesimulator*]" = YES;
				"INFOPLIST_KEY_UILaunchScreen_Generation[sdk=iphoneos*]" = YES;
				"INFOPLIST_KEY_UILaunchScreen_Generation[sdk=iphonesimulator*]" = YES;
				"INFOPLIST_KEY_UIStatusBarStyle[sdk=iphoneos*]" = UIStatusBarStyleDefault;
				"INFOPLIST_KEY_UIStatusBarStyle[sdk=iphonesimulator*]" = UIStatusBarStyleDefault;
				INFOPLIST_KEY_UISupportedInterfaceOrientations_iPad = "UIInterfaceOrientationPortrait UIInterfaceOrientationPortraitUpsideDown UIInterfaceOrientationLandscapeLeft UIInterfaceOrientationLandscapeRight";
				INFOPLIST_KEY_UISupportedInterfaceOrientations_iPhone = "UIInterfaceOrientationPortrait UIInterfaceOrientationLandscapeLeft UIInterfaceOrientationLandscapeRight";
				IPHONEOS_DEPLOYMENT_TARGET = 18.0;
				LD_RUNPATH_SEARCH_PATHS = "@executable_path/Frameworks";
				"LD_RUNPATH_SEARCH_PATHS[sdk=macosx*]" = "@executable_path/../Frameworks";
				MACOSX_DEPLOYMENT_TARGET = 15.0;
				MARKETING_VERSION = 1.0.0;
				PRODUCT_BUNDLE_IDENTIFIER = "com.sparkage.synapse";
				PRODUCT_NAME = "$(TARGET_NAME)";
				SDKROOT = auto;
				SUPPORTED_PLATFORMS = macosx;
				SWIFT_EMIT_LOC_STRINGS = YES;
				SWIFT_VERSION = 5.0;
				TARGETED_DEVICE_FAMILY = 7;
				XROS_DEPLOYMENT_TARGET = 2.0;
			};
			name = Debug;
		};
		6D5999BA2E780AE304 /* Release */ = {
			isa = XCBuildConfiguration;
			buildSettings = {
				ASSETCATALOG_COMPILER_APPICON_NAME = AppIcon;
				ASSETCATALOG_COMPILER_GLOBAL_ACCENT_COLOR_NAME = AccentColor;
				CODE_SIGN_ENTITLEMENTS = "Synapse iOS.entitlements";
				CODE_SIGN_STYLE = Automatic;
				CURRENT_PROJECT_VERSION = 1;
				DEVELOPMENT_ASSET_PATHS = "\"Synapse/Preview Content\"";
				DEVELOPMENT_TEAM = 425MSY8FLG;
				ENABLE_PREVIEWS = YES;
				GENERATE_INFOPLIST_FILE = YES;
				INFOPLIST_FILE = Synapse/Info.plist;
				INFOPLIST_KEY_CFBundleDisplayName = "Synapse";
				INFOPLIST_KEY_LSApplicationCategoryType = "public.app-category.productivity";
				INFOPLIST_KEY_UIApplicationSceneManifest_Generation = YES;
				"INFOPLIST_KEY_UIApplicationSceneManifest_Generation[sdk=iphoneos*]" = YES;
				"INFOPLIST_KEY_UIApplicationSceneManifest_Generation[sdk=iphonesimulator*]" = YES;
				INFOPLIST_KEY_UIApplicationSupportsIndirectInputEvents = YES;
				"INFOPLIST_KEY_UIApplicationSupportsIndirectInputEvents[sdk=iphoneos*]" = YES;
				"INFOPLIST_KEY_UIApplicationSupportsIndirectInputEvents[sdk=iphonesimulator*]" = YES;
				INFOPLIST_KEY_UILaunchScreen_Generation = YES;
				"INFOPLIST_KEY_UILaunchScreen_Generation[sdk=iphoneos*]" = YES;
				"INFOPLIST_KEY_UILaunchScreen_Generation[sdk=iphonesimulator*]" = YES;
				INFOPLIST_KEY_UIStatusBarStyle = UIStatusBarStyleDefault;
				"INFOPLIST_KEY_UIStatusBarStyle[sdk=iphoneos*]" = UIStatusBarStyleDefault;
				"INFOPLIST_KEY_UIStatusBarStyle[sdk=iphonesimulator*]" = UIStatusBarStyleDefault;
				INFOPLIST_KEY_UISupportedInterfaceOrientations_iPad = "UIInterfaceOrientationPortrait UIInterfaceOrientationPortraitUpsideDown UIInterfaceOrientationLandscapeLeft UIInterfaceOrientationLandscapeRight";
				INFOPLIST_KEY_UISupportedInterfaceOrientations_iPhone = "UIInterfaceOrientationPortrait UIInterfaceOrientationLandscapeLeft UIInterfaceOrientationLandscapeRight";
				IPHONEOS_DEPLOYMENT_TARGET = 18.0;
				LD_RUNPATH_SEARCH_PATHS = "@executable_path/Frameworks";
				MARKETING_VERSION = 1.0.0;
				PRODUCT_BUNDLE_IDENTIFIER = "com.sparkage.synapse.ios";
				PRODUCT_MODULE_NAME = Synapse;
				PRODUCT_NAME = "$(TARGET_NAME)";
				SDKROOT = iphoneos;
				SUPPORTED_PLATFORMS = "iphoneos iphonesimulator";
				SWIFT_EMIT_LOC_STRINGS = YES;
				SWIFT_VERSION = 5.0;
				TARGETED_DEVICE_FAMILY = "1,2";
			};
			name = Release;
		};
		6D5999BA2E780AE600D65722 /* Release */ = {
			isa = XCBuildConfiguration;
			buildSettings = {
				ASSETCATALOG_COMPILER_APPICON_NAME = AppIcon;
				ASSETCATALOG_COMPILER_GLOBAL_ACCENT_COLOR_NAME = AccentColor;
				CODE_SIGN_ENTITLEMENTS = Synapse/Synapse.entitlements;
				"CODE_SIGN_IDENTITY[sdk=macosx*]" = "Apple Development";
				CODE_SIGN_STYLE = Automatic;
				CURRENT_PROJECT_VERSION = 1;
				DEAD_CODE_STRIPPING = YES;
				DEVELOPMENT_ASSET_PATHS = "\"Synapse/Preview Content\"";
				DEVELOPMENT_TEAM = 425MSY8FLG;
				ENABLE_APP_SANDBOX = YES;
				ENABLE_INCOMING_NETWORK_CONNECTIONS = YES;
				ENABLE_OUTGOING_NETWORK_CONNECTIONS = YES;
				ENABLE_PREVIEWS = YES;
				ENABLE_RESOURCE_ACCESS_AUDIO_INPUT = NO;
				ENABLE_RESOURCE_ACCESS_BLUETOOTH = NO;
				ENABLE_RESOURCE_ACCESS_CALENDARS = NO;
				ENABLE_RESOURCE_ACCESS_CAMERA = NO;
				ENABLE_RESOURCE_ACCESS_CONTACTS = NO;
				ENABLE_RESOURCE_ACCESS_LOCATION = NO;
				ENABLE_RESOURCE_ACCESS_PRINTING = NO;
				ENABLE_RESOURCE_ACCESS_USB = NO;
				GENERATE_INFOPLIST_FILE = YES;
				INFOPLIST_FILE = Synapse/Info.plist;
				"INFOPLIST_KEY_UIApplicationSceneManifest_Generation[sdk=iphoneos*]" = YES;
				"INFOPLIST_KEY_UIApplicationSceneManifest_Generation[sdk=iphonesimulator*]" = YES;
				"INFOPLIST_KEY_UIApplicationSupportsIndirectInputEvents[sdk=iphoneos*]" = YES;
				"INFOPLIST_KEY_UIApplicationSupportsIndirectInputEvents[sdk=iphonesimulator*]" = YES;
				"INFOPLIST_KEY_UILaunchScreen_Generation[sdk=iphoneos*]" = YES;
				"INFOPLIST_KEY_UILaunchScreen_Generation[sdk=iphonesimulator*]" = YES;
				"INFOPLIST_KEY_UIStatusBarStyle[sdk=iphoneos*]" = UIStatusBarStyleDefault;
				"INFOPLIST_KEY_UIStatusBarStyle[sdk=iphonesimulator*]" = UIStatusBarStyleDefault;
				INFOPLIST_KEY_UISupportedInterfaceOrientations_iPad = "UIInterfaceOrientationPortrait UIInterfaceOrientationPortraitUpsideDown UIInterfaceOrientationLandscapeLeft UIInterfaceOrientationLandscapeRight";
				INFOPLIST_KEY_UISupportedInterfaceOrientations_iPhone = "UIInterfaceOrientationPortrait UIInterfaceOrientationLandscapeLeft UIInterfaceOrientationLandscapeRight";
				IPHONEOS_DEPLOYMENT_TARGET = 18.0;
				LD_RUNPATH_SEARCH_PATHS = "@executable_path/Frameworks";
				"LD_RUNPATH_SEARCH_PATHS[sdk=macosx*]" = "@executable_path/../Frameworks";
				MACOSX_DEPLOYMENT_TARGET = 15.0;
				MARKETING_VERSION = 1.0.0;
				PRODUCT_BUNDLE_IDENTIFIER = "com.sparkage.synapse";
				PRODUCT_NAME = "$(TARGET_NAME)";
				SDKROOT = auto;
				SUPPORTED_PLATFORMS = macosx;
				SWIFT_EMIT_LOC_STRINGS = YES;
				SWIFT_VERSION = 5.0;
				TARGETED_DEVICE_FAMILY = 7;
				XROS_DEPLOYMENT_TARGET = 2.0;
			};
			name = Release;
		};
		6D5999BC2E780AE600D65722 /* Debug */ = {
			isa = XCBuildConfiguration;
			buildSettings = {
				BUNDLE_LOADER = "$(TEST_HOST)";
				CODE_SIGN_ENTITLEMENTS = Synapse/SynapseTests.entitlements;
				CODE_SIGN_INJECT_BASE_ENTITLEMENTS = NO;
				CODE_SIGN_STYLE = Automatic;
				CURRENT_PROJECT_VERSION = 1;
				DEAD_CODE_STRIPPING = YES;
				DEVELOPMENT_TEAM = 425MSY8FLG;
				ENABLE_APP_SANDBOX = YES;
				GENERATE_INFOPLIST_FILE = YES;
				IPHONEOS_DEPLOYMENT_TARGET = 18.0;
				MACOSX_DEPLOYMENT_TARGET = 15.0;
				MARKETING_VERSION = 1.0.0;
				PRODUCT_BUNDLE_IDENTIFIER = "com.sparkage.synapseTests";
				PRODUCT_NAME = "$(TARGET_NAME)";
				SDKROOT = auto;
				SUPPORTED_PLATFORMS = "iphoneos iphonesimulator macosx xros xrsimulator";
				SWIFT_EMIT_LOC_STRINGS = NO;
				SWIFT_VERSION = 5.0;
				TARGETED_DEVICE_FAMILY = "1,2,7";
				TEST_HOST = "$(BUILT_PRODUCTS_DIR)/Synapse iOS.app/$(BUNDLE_EXECUTABLE_FOLDER_PATH)/Synapse iOS";
				XROS_DEPLOYMENT_TARGET = 2.0;
			};
			name = Debug;
		};
		6D5999BD2E780AE600D65722 /* Release */ = {
			isa = XCBuildConfiguration;
			buildSettings = {
				BUNDLE_LOADER = "$(TEST_HOST)";
				CODE_SIGN_ENTITLEMENTS = Synapse/SynapseTests.entitlements;
				CODE_SIGN_INJECT_BASE_ENTITLEMENTS = NO;
				CODE_SIGN_STYLE = Automatic;
				CURRENT_PROJECT_VERSION = 1;
				DEAD_CODE_STRIPPING = YES;
				DEVELOPMENT_TEAM = 425MSY8FLG;
				ENABLE_APP_SANDBOX = YES;
				GENERATE_INFOPLIST_FILE = YES;
				IPHONEOS_DEPLOYMENT_TARGET = 18.0;
				MACOSX_DEPLOYMENT_TARGET = 15.0;
				MARKETING_VERSION = 1.0.0;
				PRODUCT_BUNDLE_IDENTIFIER = "com.sparkage.synapseTests";
				PRODUCT_NAME = "$(TARGET_NAME)";
				SDKROOT = auto;
				SUPPORTED_PLATFORMS = "iphoneos iphonesimulator macosx xros xrsimulator";
				SWIFT_EMIT_LOC_STRINGS = NO;
				SWIFT_VERSION = 5.0;
				TARGETED_DEVICE_FAMILY = "1,2,7";
				TEST_HOST = "$(BUILT_PRODUCTS_DIR)/Synapse iOS.app/$(BUNDLE_EXECUTABLE_FOLDER_PATH)/Synapse iOS";
				XROS_DEPLOYMENT_TARGET = 2.0;
			};
			name = Release;
		};
		6D5999BF2E780AE600D65722 /* Debug */ = {
			isa = XCBuildConfiguration;
			buildSettings = {
				CODE_SIGN_ENTITLEMENTS = Synapse/SynapseTests.entitlements;
				CODE_SIGN_INJECT_BASE_ENTITLEMENTS = NO;
				CODE_SIGN_STYLE = Automatic;
				CURRENT_PROJECT_VERSION = 1;
				DEAD_CODE_STRIPPING = YES;
				DEVELOPMENT_TEAM = 425MSY8FLG;
				ENABLE_APP_SANDBOX = YES;
				GENERATE_INFOPLIST_FILE = YES;
				IPHONEOS_DEPLOYMENT_TARGET = 18.0;
				MACOSX_DEPLOYMENT_TARGET = 15.0;
				MARKETING_VERSION = 1.0.0;
				PRODUCT_BUNDLE_IDENTIFIER = "com.sparkage.synapseUITests";
				PRODUCT_NAME = "$(TARGET_NAME)";
				SDKROOT = auto;
				SUPPORTED_PLATFORMS = "iphoneos iphonesimulator macosx xros xrsimulator";
				SWIFT_EMIT_LOC_STRINGS = NO;
				SWIFT_VERSION = 5.0;
				TARGETED_DEVICE_FAMILY = "1,2,7";
				TEST_TARGET_NAME = "Synapse iOS";
				XROS_DEPLOYMENT_TARGET = 2.0;
			};
			name = Debug;
		};
		6D5999C02E780AE600D65722 /* Release */ = {
			isa = XCBuildConfiguration;
			buildSettings = {
				CODE_SIGN_ENTITLEMENTS = Synapse/SynapseTests.entitlements;
				CODE_SIGN_INJECT_BASE_ENTITLEMENTS = NO;
				CODE_SIGN_STYLE = Automatic;
				CURRENT_PROJECT_VERSION = 1;
				DEAD_CODE_STRIPPING = YES;
				DEVELOPMENT_TEAM = 425MSY8FLG;
				ENABLE_APP_SANDBOX = YES;
				GENERATE_INFOPLIST_FILE = YES;
				IPHONEOS_DEPLOYMENT_TARGET = 18.0;
				MACOSX_DEPLOYMENT_TARGET = 15.0;
				MARKETING_VERSION = 1.0.0;
				PRODUCT_BUNDLE_IDENTIFIER = "com.sparkage.synapseUITests";
				PRODUCT_NAME = "$(TARGET_NAME)";
				SDKROOT = auto;
				SUPPORTED_PLATFORMS = "iphoneos iphonesimulator macosx xros xrsimulator";
				SWIFT_EMIT_LOC_STRINGS = NO;
				SWIFT_VERSION = 5.0;
				TARGETED_DEVICE_FAMILY = "1,2,7";
				TEST_TARGET_NAME = "Synapse iOS";
				XROS_DEPLOYMENT_TARGET = 2.0;
			};
			name = Release;
		};
		6D73010D2EAAA98600D75371 /* Debug */ = {
			isa = XCBuildConfiguration;
			buildSettings = {
				ASSETCATALOG_COMPILER_APPICON_NAME = AppIcon;
				ASSETCATALOG_COMPILER_GLOBAL_ACCENT_COLOR_NAME = AccentColor;
				CODE_SIGN_IDENTITY = "Apple Development";
				CODE_SIGN_STYLE = Automatic;
				CURRENT_PROJECT_VERSION = 1;
				DEVELOPMENT_TEAM = "";
				ENABLE_APP_SANDBOX = YES;
				ENABLE_PREVIEWS = YES;
				GENERATE_INFOPLIST_FILE = YES;
				INFOPLIST_KEY_CFBundleDisplayName = SynapseWatchOs;
				INFOPLIST_KEY_UISupportedInterfaceOrientations = "UIInterfaceOrientationPortrait UIInterfaceOrientationPortraitUpsideDown";
				INFOPLIST_KEY_WKCompanionAppBundleIdentifier = "com.sparkage.synapse";
				LD_RUNPATH_SEARCH_PATHS = (
					"$(inherited)",
					"@executable_path/Frameworks",
				);
				MARKETING_VERSION = 1.0.0;
				PRODUCT_BUNDLE_IDENTIFIER = "com.sparkage.synapse.watchkitapp";
				PRODUCT_NAME = "$(TARGET_NAME)";
				PROVISIONING_PROFILE_SPECIFIER = "";
				SDKROOT = watchos;
				SKIP_INSTALL = YES;
				STRING_CATALOG_GENERATE_SYMBOLS = YES;
				SWIFT_APPROACHABLE_CONCURRENCY = YES;
				SWIFT_DEFAULT_ACTOR_ISOLATION = MainActor;
				SWIFT_EMIT_LOC_STRINGS = YES;
				SWIFT_UPCOMING_FEATURE_MEMBER_IMPORT_VISIBILITY = YES;
				SWIFT_VERSION = 5.0;
				TARGETED_DEVICE_FAMILY = 4;
				WATCHOS_DEPLOYMENT_TARGET = 26.0;
			};
			name = Debug;
		};
		6D73010E2EAAA98600D75371 /* Release */ = {
			isa = XCBuildConfiguration;
			buildSettings = {
				ASSETCATALOG_COMPILER_APPICON_NAME = AppIcon;
				ASSETCATALOG_COMPILER_GLOBAL_ACCENT_COLOR_NAME = AccentColor;
				CODE_SIGN_IDENTITY = "Apple Development";
				CODE_SIGN_STYLE = Automatic;
				CURRENT_PROJECT_VERSION = 1;
				DEVELOPMENT_TEAM = "";
				ENABLE_APP_SANDBOX = YES;
				ENABLE_PREVIEWS = YES;
				GENERATE_INFOPLIST_FILE = YES;
				INFOPLIST_KEY_CFBundleDisplayName = SynapseWatchOs;
				INFOPLIST_KEY_UISupportedInterfaceOrientations = "UIInterfaceOrientationPortrait UIInterfaceOrientationPortraitUpsideDown";
				INFOPLIST_KEY_WKCompanionAppBundleIdentifier = "com.sparkage.synapse";
				LD_RUNPATH_SEARCH_PATHS = (
					"$(inherited)",
					"@executable_path/Frameworks",
				);
				MARKETING_VERSION = 1.0.0;
				PRODUCT_BUNDLE_IDENTIFIER = "com.sparkage.synapse.watchkitapp";
				PRODUCT_NAME = "$(TARGET_NAME)";
				PROVISIONING_PROFILE_SPECIFIER = "";
				SDKROOT = watchos;
				SKIP_INSTALL = YES;
				STRING_CATALOG_GENERATE_SYMBOLS = YES;
				SWIFT_APPROACHABLE_CONCURRENCY = YES;
				SWIFT_DEFAULT_ACTOR_ISOLATION = MainActor;
				SWIFT_EMIT_LOC_STRINGS = YES;
				SWIFT_UPCOMING_FEATURE_MEMBER_IMPORT_VISIBILITY = YES;
				SWIFT_VERSION = 5.0;
				TARGETED_DEVICE_FAMILY = 4;
				VALIDATE_PRODUCT = YES;
				WATCHOS_DEPLOYMENT_TARGET = 26.0;
			};
			name = Release;
		};
		6D73010F2EAAA98600D75371 /* Debug */ = {
			isa = XCBuildConfiguration;
			buildSettings = {
				BUNDLE_LOADER = "$(TEST_HOST)";
				CODE_SIGN_STYLE = Automatic;
				CURRENT_PROJECT_VERSION = 1;
				ENABLE_APP_SANDBOX = YES;
				GENERATE_INFOPLIST_FILE = YES;
				MARKETING_VERSION = 1.0.0;
				PRODUCT_BUNDLE_IDENTIFIER = "com.sparkage.SynapseWatchOs-Watch-AppTests";
				PRODUCT_NAME = "$(TARGET_NAME)";
				SDKROOT = watchos;
				STRING_CATALOG_GENERATE_SYMBOLS = NO;
				SWIFT_APPROACHABLE_CONCURRENCY = YES;
				SWIFT_EMIT_LOC_STRINGS = NO;
				SWIFT_UPCOMING_FEATURE_MEMBER_IMPORT_VISIBILITY = YES;
				SWIFT_VERSION = 5.0;
				TARGETED_DEVICE_FAMILY = 4;
				TEST_HOST = "$(BUILT_PRODUCTS_DIR)/SynapseWatchOs Watch App.app/$(BUNDLE_EXECUTABLE_FOLDER_PATH)/SynapseWatchOs Watch App";
				WATCHOS_DEPLOYMENT_TARGET = 26.0;
			};
			name = Debug;
		};
		6D7301102EAAA98600D75371 /* Release */ = {
			isa = XCBuildConfiguration;
			buildSettings = {
				BUNDLE_LOADER = "$(TEST_HOST)";
				CODE_SIGN_STYLE = Automatic;
				CURRENT_PROJECT_VERSION = 1;
				ENABLE_APP_SANDBOX = YES;
				GENERATE_INFOPLIST_FILE = YES;
				MARKETING_VERSION = 1.0.0;
				PRODUCT_BUNDLE_IDENTIFIER = "com.sparkage.SynapseWatchOs-Watch-AppTests";
				PRODUCT_NAME = "$(TARGET_NAME)";
				SDKROOT = watchos;
				STRING_CATALOG_GENERATE_SYMBOLS = NO;
				SWIFT_APPROACHABLE_CONCURRENCY = YES;
				SWIFT_EMIT_LOC_STRINGS = NO;
				SWIFT_UPCOMING_FEATURE_MEMBER_IMPORT_VISIBILITY = YES;
				SWIFT_VERSION = 5.0;
				TARGETED_DEVICE_FAMILY = 4;
				TEST_HOST = "$(BUILT_PRODUCTS_DIR)/SynapseWatchOs Watch App.app/$(BUNDLE_EXECUTABLE_FOLDER_PATH)/SynapseWatchOs Watch App";
				VALIDATE_PRODUCT = YES;
				WATCHOS_DEPLOYMENT_TARGET = 26.0;
			};
			name = Release;
		};
		6D7301112EAAA98600D75371 /* Debug */ = {
			isa = XCBuildConfiguration;
			buildSettings = {
				CODE_SIGN_STYLE = Automatic;
				CURRENT_PROJECT_VERSION = 1;
				ENABLE_APP_SANDBOX = YES;
				GENERATE_INFOPLIST_FILE = YES;
				MARKETING_VERSION = 1.0.0;
				PRODUCT_BUNDLE_IDENTIFIER = "com.sparkage.SynapseWatchOs-Watch-AppUITests";
				PRODUCT_NAME = "$(TARGET_NAME)";
				SDKROOT = watchos;
				STRING_CATALOG_GENERATE_SYMBOLS = NO;
				SWIFT_APPROACHABLE_CONCURRENCY = YES;
				SWIFT_EMIT_LOC_STRINGS = NO;
				SWIFT_UPCOMING_FEATURE_MEMBER_IMPORT_VISIBILITY = YES;
				SWIFT_VERSION = 5.0;
				TARGETED_DEVICE_FAMILY = 4;
				TEST_TARGET_NAME = "SynapseWatchOs Watch App";
				WATCHOS_DEPLOYMENT_TARGET = 26.0;
			};
			name = Debug;
		};
		6D7301122EAAA98600D75371 /* Release */ = {
			isa = XCBuildConfiguration;
			buildSettings = {
				CODE_SIGN_STYLE = Automatic;
				CURRENT_PROJECT_VERSION = 1;
				ENABLE_APP_SANDBOX = YES;
				GENERATE_INFOPLIST_FILE = YES;
				MARKETING_VERSION = 1.0.0;
				PRODUCT_BUNDLE_IDENTIFIER = "com.sparkage.SynapseWatchOs-Watch-AppUITests";
				PRODUCT_NAME = "$(TARGET_NAME)";
				SDKROOT = watchos;
				STRING_CATALOG_GENERATE_SYMBOLS = NO;
				SWIFT_APPROACHABLE_CONCURRENCY = YES;
				SWIFT_EMIT_LOC_STRINGS = NO;
				SWIFT_UPCOMING_FEATURE_MEMBER_IMPORT_VISIBILITY = YES;
				SWIFT_VERSION = 5.0;
				TARGETED_DEVICE_FAMILY = 4;
				TEST_TARGET_NAME = "SynapseWatchOs Watch App";
				VALIDATE_PRODUCT = YES;
				WATCHOS_DEPLOYMENT_TARGET = 26.0;
			};
			name = Release;
		};
/* End XCBuildConfiguration section */

/* Begin XCConfigurationList section */
		6D59998E2E780AE300D65722 /* Build configuration list for PBXProject "Synapse" */ = {
			isa = XCConfigurationList;
			buildConfigurations = (
				6D5999B62E780AE600D65722 /* Debug */,
				6D5999B72E780AE600D65722 /* Release */,
			);
			defaultConfigurationIsVisible = 0;
			defaultConfigurationName = Release;
		};
		6D5999B82E780AE302 /* Build configuration list for PBXNativeTarget "Synapse iOS" */ = {
			isa = XCConfigurationList;
			buildConfigurations = (
				6D5999B92E780AE303 /* Debug */,
				6D5999BA2E780AE304 /* Release */,
			);
			defaultConfigurationIsVisible = 0;
			defaultConfigurationName = Release;
		};
		6D5999B82E780AE600D65722 /* Build configuration list for PBXNativeTarget "Synapse" */ = {
			isa = XCConfigurationList;
			buildConfigurations = (
				6D5999B92E780AE600D65722 /* Debug */,
				6D5999BA2E780AE600D65722 /* Release */,
			);
			defaultConfigurationIsVisible = 0;
			defaultConfigurationName = Release;
		};
		6D5999BB2E780AE600D65722 /* Build configuration list for PBXNativeTarget "SynapseTests" */ = {
			isa = XCConfigurationList;
			buildConfigurations = (
				6D5999BC2E780AE600D65722 /* Debug */,
				6D5999BD2E780AE600D65722 /* Release */,
			);
			defaultConfigurationIsVisible = 0;
			defaultConfigurationName = Release;
		};
		6D5999BE2E780AE600D65722 /* Build configuration list for PBXNativeTarget "SynapseUITests" */ = {
			isa = XCConfigurationList;
			buildConfigurations = (
				6D5999BF2E780AE600D65722 /* Debug */,
				6D5999C02E780AE600D65722 /* Release */,
			);
			defaultConfigurationIsVisible = 0;
			defaultConfigurationName = Release;
		};
		6D7301132EAAA98600D75371 /* Build configuration list for PBXNativeTarget "Synapse iOS" */ = {
			isa = XCConfigurationList;
			buildConfigurations = (
				6D73010D2EAAA98600D75371 /* Debug */,
				6D73010E2EAAA98600D75371 /* Release */,
			);
			defaultConfigurationIsVisible = 0;
			defaultConfigurationName = Release;
		};
		6D7301142EAAA98600D75371 /* Build configuration list for PBXNativeTarget "SynapseWatchOs Watch AppTests" */ = {
			isa = XCConfigurationList;
			buildConfigurations = (
				6D73010F2EAAA98600D75371 /* Debug */,
				6D7301102EAAA98600D75371 /* Release */,
			);
			defaultConfigurationIsVisible = 0;
			defaultConfigurationName = Release;
		};
		6D7301152EAAA98600D75371 /* Build configuration list for PBXNativeTarget "SynapseWatchOs Watch AppUITests" */ = {
			isa = XCConfigurationList;
			buildConfigurations = (
				6D7301112EAAA98600D75371 /* Debug */,
				6D7301122EAAA98600D75371 /* Release */,
			);
			defaultConfigurationIsVisible = 0;
			defaultConfigurationName = Release;
		};
/* End XCConfigurationList section */
	};
	rootObject = 6D59998B2E780AE300D65722 /* Project object */;
}
